Microsoft Visual Studio Solution File, Format Version 12.00
# Visual Studio Version 17
VisualStudioVersion = 17.5.2.0
MinimumVisualStudioVersion = 10.0.40219.1
Project("{FAE04EC0-301F-11D3-BF4B-00C04F79EFBC}") = "HealthApp", "HealthApp\HealthApp.csproj", "{14164E3D-8A75-A4DA-EE92-D8290D864931}"
EndProject
Global
	GlobalSection(SolutionConfigurationPlatforms) = preSolution
		Debug|Any CPU = Debug|Any CPU
		Release|Any CPU = Release|Any CPU
	EndGlobalSection
	GlobalSection(ProjectConfigurationPlatforms) = postSolution
		{14164E3D-8A75-A4DA-EE92-D8290D864931}.Debug|Any CPU.ActiveCfg = Debug|Any CPU
		{14164E3D-8A75-A4DA-EE92-D8290D864931}.Debug|Any CPU.Build.0 = Debug|Any CPU
		{14164E3D-8A75-A4DA-EE92-D8290D864931}.Release|Any CPU.ActiveCfg = Release|Any CPU
		{14164E3D-8A75-A4DA-EE92-D8290D864931}.Release|Any CPU.Build.0 = Release|Any CPU
	EndGlobalSection
	GlobalSection(SolutionProperties) = preSolution
		HideSolutionNode = FALSE
	EndGlobalSection
	GlobalSection(ExtensibilityGlobals) = postSolution
		SolutionGuid = {755B07F6-0AA5-4226-8C69-F4A7B9D07356}
	EndGlobalSection
EndGlobal
